
Microsoft Visual Studio Solution File, Format Version 12.00
# Visual Studio Version 17
VisualStudioVersion = 17.0.31423.177
MinimumVisualStudioVersion = 10.0.40219.1
Project("{FAE04EC0-301F-11D3-BF4B-00C04F79EFBC}") = "BasicGraphQL", "BasicGraphQL\BasicGraphQL.csproj", "{A2D78A54-90DF-4850-8171-A0ADAA377844}"
EndProject
Global
	GlobalSection(SolutionConfigurationPlatforms) = preSolution
		Debug|Any CPU = Debug|Any CPU
		Release|Any CPU = Release|Any CPU
	EndGlobalSection
	GlobalSection(ProjectConfigurationPlatforms) = postSolution
		{A2D78A54-90DF-4850-8171-A0ADAA377844}.Debug|Any CPU.ActiveCfg = Debug|Any CPU
		{A2D78A54-90DF-4850-8171-A0ADAA377844}.Debug|Any CPU.Build.0 = Debug|Any CPU
		{A2D78A54-90DF-4850-8171-A0ADAA377844}.Release|Any CPU.ActiveCfg = Release|Any CPU
		{A2D78A54-90DF-4850-8171-A0ADAA377844}.Release|Any CPU.Build.0 = Release|Any CPU
	EndGlobalSection
	GlobalSection(SolutionProperties) = preSolution
		HideSolutionNode = FALSE
	EndGlobalSection
	GlobalSection(ExtensibilityGlobals) = postSolution
		SolutionGuid = {3A832BC7-115D-4761-9100-0DBE248A12C5}
	EndGlobalSection
EndGlobal
